
Microsoft Visual Studio Solution File, Format Version 12.00
# Visual Studio Version 17
VisualStudioVersion = 17.11.35208.52
MinimumVisualStudioVersion = 10.0.40219.1
Project("{8BC9CEB8-8B4A-11D0-8D11-00A0C91BC942}") = "InjectHooKProcess", "InjectHooKProcess\InjectHooKProcess.vcxproj", "{330E4847-F7AC-4160-A25D-10B333AFBACB}"
EndProject
Project("{8BC9CEB8-8B4A-11D0-8D11-00A0C91BC942}") = "Project1", "Project1\Project1.vcxproj", "{30DBC323-7FC8-417F-BB21-55DAC68D719D}"
EndProject
Project("{8BC9CEB8-8B4A-11D0-8D11-00A0C91BC942}") = "Hookconmidll", "ConsoleApplication1\ConsoleApplication1.vcxproj", "{FC047BA7-9F5C-4FF8-9127-241D4C9F662A}"
	ProjectSection(ProjectDependencies) = postProject
		{330E4847-F7AC-4160-A25D-10B333AFBACB} = {330E4847-F7AC-4160-A25D-10B333AFBACB}
	EndProjectSection
EndProject
Project("{8BC9CEB8-8B4A-11D0-8D11-00A0C91BC942}") = "Wininetapp", "Wininetapp\Wininetapp.vcxproj", "{AE240BFD-E611-4564-9705-27243EEC2836}"
	ProjectSection(ProjectDependencies) = postProject
		{665A6566-F018-47FE-8FBD-AF24B042DD02} = {665A6566-F018-47FE-8FBD-AF24B042DD02}
	EndProjectSection
EndProject
Project("{8BC9CEB8-8B4A-11D0-8D11-00A0C91BC942}") = "WininetHook", "WininetHook\WininetHook.vcxproj", "{665A6566-F018-47FE-8FBD-AF24B042DD02}"
EndProject
Global
	GlobalSection(SolutionConfigurationPlatforms) = preSolution
		Debug|x64 = Debug|x64
		Debug|x86 = Debug|x86
		Release|x64 = Release|x64
		Release|x86 = Release|x86
	EndGlobalSection
	GlobalSection(ProjectConfigurationPlatforms) = postSolution
		{330E4847-F7AC-4160-A25D-10B333AFBACB}.Debug|x64.ActiveCfg = Debug|x64
		{330E4847-F7AC-4160-A25D-10B333AFBACB}.Debug|x64.Build.0 = Debug|x64
		{330E4847-F7AC-4160-A25D-10B333AFBACB}.Debug|x86.ActiveCfg = Debug|Win32
		{330E4847-F7AC-4160-A25D-10B333AFBACB}.Debug|x86.Build.0 = Debug|Win32
		{330E4847-F7AC-4160-A25D-10B333AFBACB}.Release|x64.ActiveCfg = Release|x64
		{330E4847-F7AC-4160-A25D-10B333AFBACB}.Release|x64.Build.0 = Release|x64
		{330E4847-F7AC-4160-A25D-10B333AFBACB}.Release|x86.ActiveCfg = Release|Win32
		{330E4847-F7AC-4160-A25D-10B333AFBACB}.Release|x86.Build.0 = Release|Win32
		{30DBC323-7FC8-417F-BB21-55DAC68D719D}.Debug|x64.ActiveCfg = Debug|x64
		{30DBC323-7FC8-417F-BB21-55DAC68D719D}.Debug|x64.Build.0 = Debug|x64
		{30DBC323-7FC8-417F-BB21-55DAC68D719D}.Debug|x86.ActiveCfg = Debug|Win32
		{30DBC323-7FC8-417F-BB21-55DAC68D719D}.Debug|x86.Build.0 = Debug|Win32
		{30DBC323-7FC8-417F-BB21-55DAC68D719D}.Release|x64.ActiveCfg = Release|x64
		{30DBC323-7FC8-417F-BB21-55DAC68D719D}.Release|x64.Build.0 = Release|x64
		{30DBC323-7FC8-417F-BB21-55DAC68D719D}.Release|x86.ActiveCfg = Release|Win32
		{30DBC323-7FC8-417F-BB21-55DAC68D719D}.Release|x86.Build.0 = Release|Win32
		{FC047BA7-9F5C-4FF8-9127-241D4C9F662A}.Debug|x64.ActiveCfg = Debug|x64
		{FC047BA7-9F5C-4FF8-9127-241D4C9F662A}.Debug|x64.Build.0 = Debug|x64
		{FC047BA7-9F5C-4FF8-9127-241D4C9F662A}.Debug|x86.ActiveCfg = Debug|Win32
		{FC047BA7-9F5C-4FF8-9127-241D4C9F662A}.Debug|x86.Build.0 = Debug|Win32
		{FC047BA7-9F5C-4FF8-9127-241D4C9F662A}.Release|x64.ActiveCfg = Release|x64
		{FC047BA7-9F5C-4FF8-9127-241D4C9F662A}.Release|x64.Build.0 = Release|x64
		{FC047BA7-9F5C-4FF8-9127-241D4C9F662A}.Release|x86.ActiveCfg = Release|Win32
		{FC047BA7-9F5C-4FF8-9127-241D4C9F662A}.Release|x86.Build.0 = Release|Win32
		{AE240BFD-E611-4564-9705-27243EEC2836}.Debug|x64.ActiveCfg = Debug|x64
		{AE240BFD-E611-4564-9705-27243EEC2836}.Debug|x64.Build.0 = Debug|x64
		{AE240BFD-E611-4564-9705-27243EEC2836}.Debug|x86.ActiveCfg = Debug|Win32
		{AE240BFD-E611-4564-9705-27243EEC2836}.Debug|x86.Build.0 = Debug|Win32
		{AE240BFD-E611-4564-9705-27243EEC2836}.Release|x64.ActiveCfg = Release|x64
		{AE240BFD-E611-4564-9705-27243EEC2836}.Release|x64.Build.0 = Release|x64
		{AE240BFD-E611-4564-9705-27243EEC2836}.Release|x86.ActiveCfg = Release|Win32
		{AE240BFD-E611-4564-9705-27243EEC2836}.Release|x86.Build.0 = Release|Win32
		{665A6566-F018-47FE-8FBD-AF24B042DD02}.Debug|x64.ActiveCfg = Debug|x64
		{665A6566-F018-47FE-8FBD-AF24B042DD02}.Debug|x64.Build.0 = Debug|x64
		{665A6566-F018-47FE-8FBD-AF24B042DD02}.Debug|x86.ActiveCfg = Debug|Win32
		{665A6566-F018-47FE-8FBD-AF24B042DD02}.Debug|x86.Build.0 = Debug|Win32
		{665A6566-F018-47FE-8FBD-AF24B042DD02}.Release|x64.ActiveCfg = Release|x64
		{665A6566-F018-47FE-8FBD-AF24B042DD02}.Release|x64.Build.0 = Release|x64
		{665A6566-F018-47FE-8FBD-AF24B042DD02}.Release|x86.ActiveCfg = Release|Win32
		{665A6566-F018-47FE-8FBD-AF24B042DD02}.Release|x86.Build.0 = Release|Win32
	EndGlobalSection
	GlobalSection(SolutionProperties) = preSolution
		HideSolutionNode = FALSE
	EndGlobalSection
	GlobalSection(ExtensibilityGlobals) = postSolution
		SolutionGuid = {D46622CC-6E6D-4ABB-B55C-21E60BD344A3}
	EndGlobalSection
EndGlobal
